
Microsoft Visual Studio Solution File, Format Version 12.00
# Visual Studio Version 17
VisualStudioVersion = 17.8.34316.72
MinimumVisualStudioVersion = 10.0.40219.1
Project("{FAE04EC0-301F-11D3-BF4B-00C04F79EFBC}") = "Laba2", "Laba2\Laba2.csproj", "{FDB058C3-3345-4F35-BD9D-BC507793C07F}"
EndProject
Global
	GlobalSection(SolutionConfigurationPlatforms) = preSolution
		Debug|Any CPU = Debug|Any CPU
		Release|Any CPU = Release|Any CPU
	EndGlobalSection
	GlobalSection(ProjectConfigurationPlatforms) = postSolution
		{FDB058C3-3345-4F35-BD9D-BC507793C07F}.Debug|Any CPU.ActiveCfg = Debug|Any CPU
		{FDB058C3-3345-4F35-BD9D-BC507793C07F}.Debug|Any CPU.Build.0 = Debug|Any CPU
		{FDB058C3-3345-4F35-BD9D-BC507793C07F}.Release|Any CPU.ActiveCfg = Release|Any CPU
		{FDB058C3-3345-4F35-BD9D-BC507793C07F}.Release|Any CPU.Build.0 = Release|Any CPU
	EndGlobalSection
	GlobalSection(SolutionProperties) = preSolution
		HideSolutionNode = FALSE
	EndGlobalSection
	GlobalSection(ExtensibilityGlobals) = postSolution
		SolutionGuid = {5D938CE6-1576-4F4A-AF37-DE64D7212C17}
	EndGlobalSection
EndGlobal
